# THIS IS AN AUTOGENERATED FILE. DO NOT EDIT THIS FILE DIRECTLY.
# yarn lockfile v1


"@tauri-apps/api@^2.10.1", "@tauri-apps/api@^2.8.0":
  version "2.10.1"
  resolved "https://registry.yarnpkg.com/@tauri-apps/api/-/api-2.10.1.tgz#57c1bae6114ec33d977eb2b50dfefc25fa84fc93"
  integrity sha512-hKL/jWf293UDSUN09rR69hrToyIXBb8CjGaWC7gfinvnQrBVvnLr08FeFi38gxtugAVyVcTa5/FD/Xnkb1siBw==

"@tauri-apps/plugin-process@^2.3.1":
  version "2.3.1"
  resolved "https://registry.yarnpkg.com/@tauri-apps/plugin-process/-/plugin-process-2.3.1.tgz#fff77aa7550c9c5347689c859d581f88287bf7ae"
  integrity sha512-nCa4fGVaDL/B9ai03VyPOjfAHRHSBz5v6F/ObsB73r/dA3MHHhZtldaDMIc0V/pnUw9ehzr2iEG+XkSEyC0JJA==
  dependencies:
    "@tauri-apps/api" "^2.8.0"

"@tauri-apps/plugin-updater@^2.10.0":
  version "2.10.0"
  resolved "https://registry.yarnpkg.com/@tauri-apps/plugin-updater/-/plugin-updater-2.10.0.tgz#57172dbe9fd06f790bcf3144bc69f3e40048ccd3"
  integrity sha512-ljN8jPlnT0aSn8ecYhuBib84alxfMx6Hc8vJSKMJyzGbTPFZAC44T2I1QNFZssgWKrAlofvJqCC6Rr472JWfkQ==
  dependencies:
    "@tauri-apps/api" "^2.10.1"
